
Microsoft Visual Studio Solution File, Format Version 12.00
# Visual Studio 14
VisualStudioVersion = 14.0.24720.0
MinimumVisualStudioVersion = 10.0.40219.1
Project("{FAE04EC0-301F-11D3-BF4B-00C04F79EFBC}") = "TransportAppWebAPI", "TransportAppWebAPI\TransportAppWebAPI.csproj", "{4891B858-06DC-45A1-A0BA-0DB0B4ECAE3C}"
EndProject
Project("{FAE04EC0-301F-11D3-BF4B-00C04F79EFBC}") = "BusinessInterfaces", "BusinessInterfaces\BusinessInterfaces.csproj", "{3008E4E4-5599-45BC-B545-F6C045F32865}"
EndProject
Project("{FAE04EC0-301F-11D3-BF4B-00C04F79EFBC}") = "DataAccessLayer", "DataAccessLayer\DataAccessLayer.csproj", "{BB8F09C8-877E-4112-8689-70261EF88B21}"
EndProject
Project("{FAE04EC0-301F-11D3-BF4B-00C04F79EFBC}") = "DALResolver", "DALFactory\DALResolver.csproj", "{C47191AE-6078-4673-A341-A8DFA1B2BBA6}"
EndProject
Project("{FAE04EC0-301F-11D3-BF4B-00C04F79EFBC}") = "Models", "Models\Models.csproj", "{2A53133C-DC17-42E1-8087-69B27D1A97DA}"
EndProject
Global
	GlobalSection(SolutionConfigurationPlatforms) = preSolution
		Debug|Any CPU = Debug|Any CPU
		Release|Any CPU = Release|Any CPU
	EndGlobalSection
	GlobalSection(ProjectConfigurationPlatforms) = postSolution
		{4891B858-06DC-45A1-A0BA-0DB0B4ECAE3C}.Debug|Any CPU.ActiveCfg = Debug|Any CPU
		{4891B858-06DC-45A1-A0BA-0DB0B4ECAE3C}.Debug|Any CPU.Build.0 = Debug|Any CPU
		{4891B858-06DC-45A1-A0BA-0DB0B4ECAE3C}.Release|Any CPU.ActiveCfg = Release|Any CPU
		{4891B858-06DC-45A1-A0BA-0DB0B4ECAE3C}.Release|Any CPU.Build.0 = Release|Any CPU
		{3008E4E4-5599-45BC-B545-F6C045F32865}.Debug|Any CPU.ActiveCfg = Debug|Any CPU
		{3008E4E4-5599-45BC-B545-F6C045F32865}.Debug|Any CPU.Build.0 = Debug|Any CPU
		{3008E4E4-5599-45BC-B545-F6C045F32865}.Release|Any CPU.ActiveCfg = Release|Any CPU
		{3008E4E4-5599-45BC-B545-F6C045F32865}.Release|Any CPU.Build.0 = Release|Any CPU
		{BB8F09C8-877E-4112-8689-70261EF88B21}.Debug|Any CPU.ActiveCfg = Debug|Any CPU
		{BB8F09C8-877E-4112-8689-70261EF88B21}.Debug|Any CPU.Build.0 = Debug|Any CPU
		{BB8F09C8-877E-4112-8689-70261EF88B21}.Release|Any CPU.ActiveCfg = Release|Any CPU
		{BB8F09C8-877E-4112-8689-70261EF88B21}.Release|Any CPU.Build.0 = Release|Any CPU
		{C47191AE-6078-4673-A341-A8DFA1B2BBA6}.Debug|Any CPU.ActiveCfg = Debug|Any CPU
		{C47191AE-6078-4673-A341-A8DFA1B2BBA6}.Debug|Any CPU.Build.0 = Debug|Any CPU
		{C47191AE-6078-4673-A341-A8DFA1B2BBA6}.Release|Any CPU.ActiveCfg = Release|Any CPU
		{C47191AE-6078-4673-A341-A8DFA1B2BBA6}.Release|Any CPU.Build.0 = Release|Any CPU
		{2A53133C-DC17-42E1-8087-69B27D1A97DA}.Debug|Any CPU.ActiveCfg = Debug|Any CPU
		{2A53133C-DC17-42E1-8087-69B27D1A97DA}.Debug|Any CPU.Build.0 = Debug|Any CPU
		{2A53133C-DC17-42E1-8087-69B27D1A97DA}.Release|Any CPU.ActiveCfg = Release|Any CPU
		{2A53133C-DC17-42E1-8087-69B27D1A97DA}.Release|Any CPU.Build.0 = Release|Any CPU
	EndGlobalSection
	GlobalSection(SolutionProperties) = preSolution
		HideSolutionNode = FALSE
	EndGlobalSection
EndGlobal
